PODS:
  - Alamofire (3.4.1)
  - Fabric (1.6.7)
  - Mapbox-iOS-SDK (3.2.3)
  - NVActivityIndicatorView (2.8)
  - PNChart (0.8.9):
    - UICountingLabel (~> 1.2.0)
  - STPopup (1.7.0)
  - UICountingLabel (1.2.0)

DEPENDENCIES:
  - Alamofire (~> 3.0)
  - Fabric
  - Mapbox-iOS-SDK (~> 3.1)
  - NVActivityIndicatorView
  - PNChart
  - STPopup (~> 1.6)

SPEC CHECKSUMS:
  Alamofire: 01a82e2f6c0f860ade35534c8dd88be61bdef40c
  Fabric: caf7580c725e64db144f610ac65cd60956911dc7
  Mapbox-iOS-SDK: 120e8a140e9cd4adae8227340dd89f5cc3850259
  NVActivityIndicatorView: 6aba1dbbd893f615a9452c9e66ae46473e1ce092
  PNChart: 84774d225c2126ded6c93d4dbe6ae98c3a73c2d2
  STPopup: 36b45120f51ab3cdf7a10c1b9032b7fc8eef75ac
  UICountingLabel: 1db4e7d023e1762171eb226d6dff47a7a84f27aa

PODFILE CHECKSUM: c6f5a899f9d9a3ff780fa7c47afcff1875bf0abe

COCOAPODS: 1.0.0.beta.6
