// !$*UTF8*$!
{
	archiveVersion = 1;
	classes = {
	};
	objectVersion = 46;
	objects = {

/* Begin PBXBuildFile section */
		10B9E3E61C4D59B800DE21B9 /* CoreDataManager.swift in Sources */ = {isa = PBXBuildFile; fileRef = 10B9E3E51C4D59B800DE21B9 /* CoreDataManager.swift */; };
		2778F262BA7D9B892493DA4D /* Pods_Milieu.framework in Frameworks */ = {isa = PBXBuildFile; fileRef = 232F1A68D95F6DEC274308D6 /* Pods_Milieu.framework */; };
		3E2BCA7929D3994C7EDE12C5 /* Pods_MilieuTests.framework in Frameworks */ = {isa = PBXBuildFile; fileRef = 127375757A998C363C60FDA7 /* Pods_MilieuTests.framework */; };
		83080A2F1D9FF566007966A5 /* DevsiteDetailController.swift in Sources */ = {isa = PBXBuildFile; fileRef = 83080A2E1D9FF565007966A5 /* DevsiteDetailController.swift */; };
		83080A311D9FFCEA007966A5 /* UIView+Constraints.swift in Sources */ = {isa = PBXBuildFile; fileRef = 83080A301D9FFCEA007966A5 /* UIView+Constraints.swift */; };
		83080A341DA00BE5007966A5 /* GeneralInfoCell.swift in Sources */ = {isa = PBXBuildFile; fileRef = 83080A331DA00BE5007966A5 /* GeneralInfoCell.swift */; };
		83080A361DA02713007966A5 /* DevSiteCell.swift in Sources */ = {isa = PBXBuildFile; fileRef = 83080A351DA02713007966A5 /* DevSiteCell.swift */; };
		830F879A1C51CED90039CC8D /* DateUtil.swift in Sources */ = {isa = PBXBuildFile; fileRef = 830F87991C51CED90039CC8D /* DateUtil.swift */; };
		8317C97D1C25AFE10088DEAA /* ApplicationInfo.swift in Sources */ = {isa = PBXBuildFile; fileRef = 8317C97C1C25AFE10088DEAA /* ApplicationInfo.swift */; };
		8317C9801C25ECAC0088DEAA /* Acknowledgement&Legal in Resources */ = {isa = PBXBuildFile; fileRef = 8317C97F1C25ECAC0088DEAA /* Acknowledgement&Legal */; };
		8317C9831C25F5250088DEAA /* ApplicationDetailViewController.swift in Sources */ = {isa = PBXBuildFile; fileRef = 8317C9821C25F5250088DEAA /* ApplicationDetailViewController.swift */; };
		8317C9861C25FFF20088DEAA /* Constants.swift in Sources */ = {isa = PBXBuildFile; fileRef = 8317C9851C25FFF20088DEAA /* Constants.swift */; };
		831A89AE1C4E14060066A874 /* NeighbourManager.swift in Sources */ = {isa = PBXBuildFile; fileRef = 831A89AD1C4E14060066A874 /* NeighbourManager.swift */; };
		831C224D1CAB5EA5003351B1 /* CardCell.swift in Sources */ = {isa = PBXBuildFile; fileRef = 831C224C1CAB5EA5003351B1 /* CardCell.swift */; };
		831C224F1CAB5EBC003351B1 /* HeaderImageCell.swift in Sources */ = {isa = PBXBuildFile; fileRef = 831C224E1CAB5EBC003351B1 /* HeaderImageCell.swift */; };
		831C22511CAB5ED0003351B1 /* FloatRatingView.swift in Sources */ = {isa = PBXBuildFile; fileRef = 831C22501CAB5ED0003351B1 /* FloatRatingView.swift */; };
		833DB8CB1E2EFD5500D040A9 /* ApiToken.swift in Sources */ = {isa = PBXBuildFile; fileRef = 833DB8CA1E2EFD5500D040A9 /* ApiToken.swift */; };
		833DB8D01E34768F00D040A9 /* AccountManager.swift in Sources */ = {isa = PBXBuildFile; fileRef = 833DB8CF1E34768F00D040A9 /* AccountManager.swift */; };
		83405D041C37424200F16F4D /* CommentsViewController.swift in Sources */ = {isa = PBXBuildFile; fileRef = 83405D031C37424200F16F4D /* CommentsViewController.swift */; };
		83405D071C37435A00F16F4D /* CommentCell.swift in Sources */ = {isa = PBXBuildFile; fileRef = 83405D061C37435A00F16F4D /* CommentCell.swift */; };
		83405D091C37487200F16F4D /* ApplicationComments.swift in Sources */ = {isa = PBXBuildFile; fileRef = 83405D081C37487200F16F4D /* ApplicationComments.swift */; };
		83405D0D1C374F4100F16F4D /* Comments.plist in Resources */ = {isa = PBXBuildFile; fileRef = 83405D0C1C374F4100F16F4D /* Comments.plist */; };
		83405D101C38278D00F16F4D /* UIImage+Resize.swift in Sources */ = {isa = PBXBuildFile; fileRef = 83405D0F1C38278D00F16F4D /* UIImage+Resize.swift */; };
		834DED8C1E2AA645000D2F77 /* HttpMethod.swift in Sources */ = {isa = PBXBuildFile; fileRef = 834DED8B1E2AA645000D2F77 /* HttpMethod.swift */; };
		834E87EF1C1C6734002A763C /* MapViewController.swift in Sources */ = {isa = PBXBuildFile; fileRef = 834E87ED1C1C6734002A763C /* MapViewController.swift */; };
		835A1C191D486F400054C2F0 /* DevApp+CoreDataProperties.swift in Sources */ = {isa = PBXBuildFile; fileRef = 835A1C171D486F400054C2F0 /* DevApp+CoreDataProperties.swift */; };
		835A1C1A1D486F400054C2F0 /* DevApp.swift in Sources */ = {isa = PBXBuildFile; fileRef = 835A1C181D486F400054C2F0 /* DevApp.swift */; };
		837BDF7E1C51E7C70000A9E4 /* MilieuAnnotation.swift in Sources */ = {isa = PBXBuildFile; fileRef = 837BDF7D1C51E7C70000A9E4 /* MilieuAnnotation.swift */; };
		837BDF821C51F7700000A9E4 /* Events.plist in Resources */ = {isa = PBXBuildFile; fileRef = 837BDF811C51F7700000A9E4 /* Events.plist */; };
		837BDF841C51FC640000A9E4 /* EventInfo.swift in Sources */ = {isa = PBXBuildFile; fileRef = 837BDF831C51FC640000A9E4 /* EventInfo.swift */; };
		838B51B01DDC03BE000A9CB5 /* AuthenticateViewController.swift in Sources */ = {isa = PBXBuildFile; fileRef = 838B51AF1DDC03BE000A9CB5 /* AuthenticateViewController.swift */; };
		838B51B21DDC0452000A9CB5 /* UserTableViewController.swift in Sources */ = {isa = PBXBuildFile; fileRef = 838B51B11DDC0452000A9CB5 /* UserTableViewController.swift */; };
		839C88711C14C1D200D80D0A /* AppDelegate.swift in Sources */ = {isa = PBXBuildFile; fileRef = 839C88701C14C1D200D80D0A /* AppDelegate.swift */; };
		839C88781C14C1D200D80D0A /* Main.storyboard in Resources */ = {isa = PBXBuildFile; fileRef = 839C88761C14C1D200D80D0A /* Main.storyboard */; };
		839C887A1C14C1D200D80D0A /* Assets.xcassets in Resources */ = {isa = PBXBuildFile; fileRef = 839C88791C14C1D200D80D0A /* Assets.xcassets */; };
		839C887D1C14C1D200D80D0A /* LaunchScreen.storyboard in Resources */ = {isa = PBXBuildFile; fileRef = 839C887B1C14C1D200D80D0A /* LaunchScreen.storyboard */; };
		839C88881C14C1D200D80D0A /* MilieuTests.swift in Sources */ = {isa = PBXBuildFile; fileRef = 839C88871C14C1D200D80D0A /* MilieuTests.swift */; };
		839C88931C14C1D200D80D0A /* MilieuUITests.swift in Sources */ = {isa = PBXBuildFile; fileRef = 839C88921C14C1D200D80D0A /* MilieuUITests.swift */; };
		83C32B861C95FAB900F1BF5C /* Status+CoreDataProperties.swift in Sources */ = {isa = PBXBuildFile; fileRef = 83C32B841C95FAB900F1BF5C /* Status+CoreDataProperties.swift */; };
		83C32B871C95FAB900F1BF5C /* Status.swift in Sources */ = {isa = PBXBuildFile; fileRef = 83C32B851C95FAB900F1BF5C /* Status.swift */; };
		83CD24331D8BACF7008D2945 /* Neighbourhood.swift in Sources */ = {isa = PBXBuildFile; fileRef = 83CD24311D8BACF7008D2945 /* Neighbourhood.swift */; };
		83CD24341D8BACF7008D2945 /* Neighbourhood+CoreDataProperties.swift in Sources */ = {isa = PBXBuildFile; fileRef = 83CD24321D8BACF7008D2945 /* Neighbourhood+CoreDataProperties.swift */; };
		83DEF4121C5D26540051002C /* DescriptionCell.swift in Sources */ = {isa = PBXBuildFile; fileRef = 83DEF4111C5D26540051002C /* DescriptionCell.swift */; };
		83DEF4141C5D26790051002C /* StatusCell.swift in Sources */ = {isa = PBXBuildFile; fileRef = 83DEF4131C5D26790051002C /* StatusCell.swift */; };
		83DEF4161C5D39BA0051002C /* UIImageView+DownloadImage.swift in Sources */ = {isa = PBXBuildFile; fileRef = 83DEF4151C5D39BA0051002C /* UIImageView+DownloadImage.swift */; };
		83EE7D551C14DF3000CEDF0D /* AR5Logger.swift in Sources */ = {isa = PBXBuildFile; fileRef = 83EE7D541C14DF3000CEDF0D /* AR5Logger.swift */; };
		83FA343B1D60D0740061276F /* Webservice.swift in Sources */ = {isa = PBXBuildFile; fileRef = 83FA343A1D60D0740061276F /* Webservice.swift */; };
		83FA343E1D60D1CB0061276F /* Resource.swift in Sources */ = {isa = PBXBuildFile; fileRef = 83FA343D1D60D1CB0061276F /* Resource.swift */; };
		83FA34401D6125510061276F /* DevSite.swift in Sources */ = {isa = PBXBuildFile; fileRef = 83FA343F1D6125510061276F /* DevSite.swift */; };
		83FB29901C43208D0093EBC8 /* ottawa_wards_2010.json in Resources */ = {isa = PBXBuildFile; fileRef = 83FB298F1C43208D0093EBC8 /* ottawa_wards_2010.json */; };
		83FB29921C4321760093EBC8 /* CoreDataStack.swift in Sources */ = {isa = PBXBuildFile; fileRef = 83FB29911C4321760093EBC8 /* CoreDataStack.swift */; };
		83FB29961C4322720093EBC8 /* Milieu.xcdatamodeld in Sources */ = {isa = PBXBuildFile; fileRef = 83FB29941C4322720093EBC8 /* Milieu.xcdatamodeld */; };
		83FB29A51C44AE8E0093EBC8 /* Coordinate+CoreDataProperties.swift in Sources */ = {isa = PBXBuildFile; fileRef = 83FB29A11C44AE8E0093EBC8 /* Coordinate+CoreDataProperties.swift */; };
		83FB29A61C44AE8E0093EBC8 /* Coordinate.swift in Sources */ = {isa = PBXBuildFile; fileRef = 83FB29A21C44AE8E0093EBC8 /* Coordinate.swift */; };
		83FB29EA1C473F140093EBC8 /* City+CoreDataProperties.swift in Sources */ = {isa = PBXBuildFile; fileRef = 83FB29E61C473F140093EBC8 /* City+CoreDataProperties.swift */; };
		83FB29EB1C473F140093EBC8 /* City.swift in Sources */ = {isa = PBXBuildFile; fileRef = 83FB29E71C473F140093EBC8 /* City.swift */; };
		83FB29EF1C4A979B0093EBC8 /* LaunchViewController.swift in Sources */ = {isa = PBXBuildFile; fileRef = 83FB29EE1C4A979B0093EBC8 /* LaunchViewController.swift */; };
		83FB29F11C4A9D480093EBC8 /* ConnectionManager.swift in Sources */ = {isa = PBXBuildFile; fileRef = 83FB29F01C4A9D480093EBC8 /* ConnectionManager.swift */; };
		83FB29FD1C4AC4000093EBC8 /* Address+CoreDataProperties.swift in Sources */ = {isa = PBXBuildFile; fileRef = 83FB29F51C4AC4000093EBC8 /* Address+CoreDataProperties.swift */; };
		83FB29FE1C4AC4000093EBC8 /* Address.swift in Sources */ = {isa = PBXBuildFile; fileRef = 83FB29F61C4AC4000093EBC8 /* Address.swift */; };
		EE7C6C3C85236275F513D91C /* Pods_MilieuUITests.framework in Frameworks */ = {isa = PBXBuildFile; fileRef = 335ACE58E1EFB66E1985B603 /* Pods_MilieuUITests.framework */; };
/* End PBXBuildFile section */

/* Begin PBXContainerItemProxy section */
		839C88841C14C1D200D80D0A /* PBXContainerItemProxy */ = {
			isa = PBXContainerItemProxy;
			containerPortal = 839C88651C14C1D200D80D0A /* Project object */;
			proxyType = 1;
			remoteGlobalIDString = 839C886C1C14C1D200D80D0A;
			remoteInfo = Milieu;
		};
		839C888F1C14C1D200D80D0A /* PBXContainerItemProxy */ = {
			isa = PBXContainerItemProxy;
			containerPortal = 839C88651C14C1D200D80D0A /* Project object */;
			proxyType = 1;
			remoteGlobalIDString = 839C886C1C14C1D200D80D0A;
			remoteInfo = Milieu;
		};
/* End PBXContainerItemProxy section */

/* Begin PBXFileReference section */
		078DE1060C95CEA9985F493D /* Pods-Milieu.debug.xcconfig */ = {isa = PBXFileReference; includeInIndex = 1; lastKnownFileType = text.xcconfig; name = "Pods-Milieu.debug.xcconfig"; path = "Pods/Target Support Files/Pods-Milieu/Pods-Milieu.debug.xcconfig"; sourceTree = "<group>"; };
		08C7E516AE93BF548DACE7D4 /* Pods-MilieuUITests.release.xcconfig */ = {isa = PBXFileReference; includeInIndex = 1; lastKnownFileType = text.xcconfig; name = "Pods-MilieuUITests.release.xcconfig"; path = "Pods/Target Support Files/Pods-MilieuUITests/Pods-MilieuUITests.release.xcconfig"; sourceTree = "<group>"; };
		0E3039D9028479E319D70D5B /* Pods-Milieu.release.xcconfig */ = {isa = PBXFileReference; includeInIndex = 1; lastKnownFileType = text.xcconfig; name = "Pods-Milieu.release.xcconfig"; path = "Pods/Target Support Files/Pods-Milieu/Pods-Milieu.release.xcconfig"; sourceTree = "<group>"; };
		10B9E3E51C4D59B800DE21B9 /* CoreDataManager.swift */ = {isa = PBXFileReference; fileEncoding = 4; lastKnownFileType = sourcecode.swift; name = CoreDataManager.swift; path = Models/CoreDataManager.swift; sourceTree = "<group>"; };
		127375757A998C363C60FDA7 /* Pods_MilieuTests.framework */ = {isa = PBXFileReference; explicitFileType = wrapper.framework; includeInIndex = 0; path = Pods_MilieuTests.framework; sourceTree = BUILT_PRODUCTS_DIR; };
		1768E4FFC88A95905D51DB8B /* Pods-MilieuUITests.debug.xcconfig */ = {isa = PBXFileReference; includeInIndex = 1; lastKnownFileType = text.xcconfig; name = "Pods-MilieuUITests.debug.xcconfig"; path = "Pods/Target Support Files/Pods-MilieuUITests/Pods-MilieuUITests.debug.xcconfig"; sourceTree = "<group>"; };
		232F1A68D95F6DEC274308D6 /* Pods_Milieu.framework */ = {isa = PBXFileReference; explicitFileType = wrapper.framework; includeInIndex = 0; path = Pods_Milieu.framework; sourceTree = BUILT_PRODUCTS_DIR; };
		26E9B25425496B93D474B0D5 /* Pods-MilieuTests.beta.xcconfig */ = {isa = PBXFileReference; includeInIndex = 1; lastKnownFileType = text.xcconfig; name = "Pods-MilieuTests.beta.xcconfig"; path = "Pods/Target Support Files/Pods-MilieuTests/Pods-MilieuTests.beta.xcconfig"; sourceTree = "<group>"; };
		29F84DBDE876862CB71D0792 /* Pods-MilieuTests.release.xcconfig */ = {isa = PBXFileReference; includeInIndex = 1; lastKnownFileType = text.xcconfig; name = "Pods-MilieuTests.release.xcconfig"; path = "Pods/Target Support Files/Pods-MilieuTests/Pods-MilieuTests.release.xcconfig"; sourceTree = "<group>"; };
		2ECE75D3383B3A6D12702592 /* Pods-Milieu.alpha.xcconfig */ = {isa = PBXFileReference; includeInIndex = 1; lastKnownFileType = text.xcconfig; name = "Pods-Milieu.alpha.xcconfig"; path = "Pods/Target Support Files/Pods-Milieu/Pods-Milieu.alpha.xcconfig"; sourceTree = "<group>"; };
		335ACE58E1EFB66E1985B603 /* Pods_MilieuUITests.framework */ = {isa = PBXFileReference; explicitFileType = wrapper.framework; includeInIndex = 0; path = Pods_MilieuUITests.framework; sourceTree = BUILT_PRODUCTS_DIR; };
		44AD34BBD05C56979517E47D /* Pods-MilieuTests.alpha.xcconfig */ = {isa = PBXFileReference; includeInIndex = 1; lastKnownFileType = text.xcconfig; name = "Pods-MilieuTests.alpha.xcconfig"; path = "Pods/Target Support Files/Pods-MilieuTests/Pods-MilieuTests.alpha.xcconfig"; sourceTree = "<group>"; };
		65500B470B1E786CDE2107FC /* Pods-Milieu.beta.xcconfig */ = {isa = PBXFileReference; includeInIndex = 1; lastKnownFileType = text.xcconfig; name = "Pods-Milieu.beta.xcconfig"; path = "Pods/Target Support Files/Pods-Milieu/Pods-Milieu.beta.xcconfig"; sourceTree = "<group>"; };
		78282D22C6FCCCE55D1002CE /* Pods-MilieuUITests.beta.xcconfig */ = {isa = PBXFileReference; includeInIndex = 1; lastKnownFileType = text.xcconfig; name = "Pods-MilieuUITests.beta.xcconfig"; path = "Pods/Target Support Files/Pods-MilieuUITests/Pods-MilieuUITests.beta.xcconfig"; sourceTree = "<group>"; };
		7FF45709C6C76C13AD1F790C /* Pods-MilieuTests.debug.xcconfig */ = {isa = PBXFileReference; includeInIndex = 1; lastKnownFileType = text.xcconfig; name = "Pods-MilieuTests.debug.xcconfig"; path = "Pods/Target Support Files/Pods-MilieuTests/Pods-MilieuTests.debug.xcconfig"; sourceTree = "<group>"; };
		83080A2E1D9FF565007966A5 /* DevsiteDetailController.swift */ = {isa = PBXFileReference; fileEncoding = 4; lastKnownFileType = sourcecode.swift; name = DevsiteDetailController.swift; path = ViewControllers/DevsiteDetailController.swift; sourceTree = "<group>"; };
		83080A301D9FFCEA007966A5 /* UIView+Constraints.swift */ = {isa = PBXFileReference; fileEncoding = 4; lastKnownFileType = sourcecode.swift; name = "UIView+Constraints.swift"; path = "Views/UIView+Constraints.swift"; sourceTree = "<group>"; };
		83080A331DA00BE5007966A5 /* GeneralInfoCell.swift */ = {isa = PBXFileReference; fileEncoding = 4; lastKnownFileType = sourcecode.swift; name = GeneralInfoCell.swift; path = Views/DetailViews/GeneralInfoCell.swift; sourceTree = "<group>"; };
		83080A351DA02713007966A5 /* DevSiteCell.swift */ = {isa = PBXFileReference; fileEncoding = 4; lastKnownFileType = sourcecode.swift; name = DevSiteCell.swift; path = Views/DetailViews/DevSiteCell.swift; sourceTree = "<group>"; };
		830F87991C51CED90039CC8D /* DateUtil.swift */ = {isa = PBXFileReference; fileEncoding = 4; lastKnownFileType = sourcecode.swift; name = DateUtil.swift; path = Helpers/DateUtil.swift; sourceTree = "<group>"; };
		8317C97C1C25AFE10088DEAA /* ApplicationInfo.swift */ = {isa = PBXFileReference; fileEncoding = 4; lastKnownFileType = sourcecode.swift; name = ApplicationInfo.swift; path = Models/ApplicationInfo.swift; sourceTree = "<group>"; };
		8317C97F1C25ECAC0088DEAA /* Acknowledgement&Legal */ = {isa = PBXFileReference; fileEncoding = 4; lastKnownFileType = text; path = "Acknowledgement&Legal"; sourceTree = "<group>"; };
		8317C9821C25F5250088DEAA /* ApplicationDetailViewController.swift */ = {isa = PBXFileReference; fileEncoding = 4; lastKnownFileType = sourcecode.swift; name = ApplicationDetailViewController.swift; path = ViewControllers/ApplicationDetailViewController.swift; sourceTree = "<group>"; };
		8317C9851C25FFF20088DEAA /* Constants.swift */ = {isa = PBXFileReference; fileEncoding = 4; lastKnownFileType = sourcecode.swift; name = Constants.swift; path = Constants/Constants.swift; sourceTree = "<group>"; };
		831A89AD1C4E14060066A874 /* NeighbourManager.swift */ = {isa = PBXFileReference; fileEncoding = 4; lastKnownFileType = sourcecode.swift; name = NeighbourManager.swift; path = Models/NeighbourManager.swift; sourceTree = "<group>"; };
		831C224C1CAB5EA5003351B1 /* CardCell.swift */ = {isa = PBXFileReference; fileEncoding = 4; lastKnownFileType = sourcecode.swift; name = CardCell.swift; path = Views/CardCell.swift; sourceTree = "<group>"; };
		831C224E1CAB5EBC003351B1 /* HeaderImageCell.swift */ = {isa = PBXFileReference; fileEncoding = 4; lastKnownFileType = sourcecode.swift; name = HeaderImageCell.swift; path = Views/HeaderImageCell.swift; sourceTree = "<group>"; };
		831C22501CAB5ED0003351B1 /* FloatRatingView.swift */ = {isa = PBXFileReference; fileEncoding = 4; lastKnownFileType = sourcecode.swift; name = FloatRatingView.swift; path = Views/FloatRatingView.swift; sourceTree = "<group>"; };
		833DB8CA1E2EFD5500D040A9 /* ApiToken.swift */ = {isa = PBXFileReference; fileEncoding = 4; lastKnownFileType = sourcecode.swift; name = ApiToken.swift; path = Networking/Resources/ApiToken.swift; sourceTree = "<group>"; };
		833DB8CF1E34768F00D040A9 /* AccountManager.swift */ = {isa = PBXFileReference; fileEncoding = 4; lastKnownFileType = sourcecode.swift; name = AccountManager.swift; path = Services/AccountManager.swift; sourceTree = "<group>"; };
		83405D031C37424200F16F4D /* CommentsViewController.swift */ = {isa = PBXFileReference; fileEncoding = 4; lastKnownFileType = sourcecode.swift; name = CommentsViewController.swift; path = ViewControllers/CommentsViewController.swift; sourceTree = "<group>"; };
		83405D061C37435A00F16F4D /* CommentCell.swift */ = {isa = PBXFileReference; fileEncoding = 4; lastKnownFileType = sourcecode.swift; name = CommentCell.swift; path = Views/CommentCell.swift; sourceTree = "<group>"; };
		83405D081C37487200F16F4D /* ApplicationComments.swift */ = {isa = PBXFileReference; fileEncoding = 4; lastKnownFileType = sourcecode.swift; name = ApplicationComments.swift; path = Models/ApplicationComments.swift; sourceTree = "<group>"; };
		83405D0C1C374F4100F16F4D /* Comments.plist */ = {isa = PBXFileReference; fileEncoding = 4; lastKnownFileType = text.plist.xml; path = Comments.plist; sourceTree = "<group>"; };
		83405D0F1C38278D00F16F4D /* UIImage+Resize.swift */ = {isa = PBXFileReference; fileEncoding = 4; lastKnownFileType = sourcecode.swift; name = "UIImage+Resize.swift"; path = "Views/UIImage+Resize.swift"; sourceTree = "<group>"; };
		834DED8B1E2AA645000D2F77 /* HttpMethod.swift */ = {isa = PBXFileReference; fileEncoding = 4; lastKnownFileType = sourcecode.swift; name = HttpMethod.swift; path = Networking/HttpMethod.swift; sourceTree = "<group>"; };
		834E87ED1C1C6734002A763C /* MapViewController.swift */ = {isa = PBXFileReference; fileEncoding = 4; lastKnownFileType = sourcecode.swift; name = MapViewController.swift; path = ViewControllers/MapViewController.swift; sourceTree = "<group>"; };
		835A1C171D486F400054C2F0 /* DevApp+CoreDataProperties.swift */ = {isa = PBXFileReference; fileEncoding = 4; lastKnownFileType = sourcecode.swift; name = "DevApp+CoreDataProperties.swift"; path = "Models/CoreData/DevApp+CoreDataProperties.swift"; sourceTree = "<group>"; };
		835A1C181D486F400054C2F0 /* DevApp.swift */ = {isa = PBXFileReference; fileEncoding = 4; lastKnownFileType = sourcecode.swift; name = DevApp.swift; path = Models/CoreData/DevApp.swift; sourceTree = "<group>"; };
		837BDF7D1C51E7C70000A9E4 /* MilieuAnnotation.swift */ = {isa = PBXFileReference; fileEncoding = 4; lastKnownFileType = sourcecode.swift; name = MilieuAnnotation.swift; path = Models/MilieuAnnotation.swift; sourceTree = "<group>"; };
		837BDF811C51F7700000A9E4 /* Events.plist */ = {isa = PBXFileReference; fileEncoding = 4; lastKnownFileType = text.plist.xml; path = Events.plist; sourceTree = "<group>"; };
		837BDF831C51FC640000A9E4 /* EventInfo.swift */ = {isa = PBXFileReference; fileEncoding = 4; lastKnownFileType = sourcecode.swift; name = EventInfo.swift; path = Models/EventInfo.swift; sourceTree = "<group>"; };
		838B51AF1DDC03BE000A9CB5 /* AuthenticateViewController.swift */ = {isa = PBXFileReference; fileEncoding = 4; lastKnownFileType = sourcecode.swift; name = AuthenticateViewController.swift; path = ViewControllers/AuthenticateViewController.swift; sourceTree = "<group>"; };
		838B51B11DDC0452000A9CB5 /* UserTableViewController.swift */ = {isa = PBXFileReference; fileEncoding = 4; lastKnownFileType = sourcecode.swift; name = UserTableViewController.swift; path = ViewControllers/UserTableViewController.swift; sourceTree = "<group>"; };
		839C886D1C14C1D200D80D0A /* Milieu.app */ = {isa = PBXFileReference; explicitFileType = wrapper.application; includeInIndex = 0; path = Milieu.app; sourceTree = BUILT_PRODUCTS_DIR; };
		839C88701C14C1D200D80D0A /* AppDelegate.swift */ = {isa = PBXFileReference; lastKnownFileType = sourcecode.swift; path = AppDelegate.swift; sourceTree = "<group>"; };
		839C88771C14C1D200D80D0A /* Base */ = {isa = PBXFileReference; lastKnownFileType = file.storyboard; name = Base; path = Base.lproj/Main.storyboard; sourceTree = "<group>"; };
		839C88791C14C1D200D80D0A /* Assets.xcassets */ = {isa = PBXFileReference; lastKnownFileType = folder.assetcatalog; path = Assets.xcassets; sourceTree = "<group>"; };
		839C887C1C14C1D200D80D0A /* Base */ = {isa = PBXFileReference; lastKnownFileType = file.storyboard; name = Base; path = Base.lproj/LaunchScreen.storyboard; sourceTree = "<group>"; };
		839C887E1C14C1D200D80D0A /* Info.plist */ = {isa = PBXFileReference; lastKnownFileType = text.plist.xml; path = Info.plist; sourceTree = "<group>"; };
		839C88831C14C1D200D80D0A /* MilieuTests.xctest */ = {isa = PBXFileReference; explicitFileType = wrapper.cfbundle; includeInIndex = 0; path = MilieuTests.xctest; sourceTree = BUILT_PRODUCTS_DIR; };
		839C88871C14C1D200D80D0A /* MilieuTests.swift */ = {isa = PBXFileReference; lastKnownFileType = sourcecode.swift; path = MilieuTests.swift; sourceTree = "<group>"; };
		839C88891C14C1D200D80D0A /* Info.plist */ = {isa = PBXFileReference; lastKnownFileType = text.plist.xml; path = Info.plist; sourceTree = "<group>"; };
		839C888E1C14C1D200D80D0A /* MilieuUITests.xctest */ = {isa = PBXFileReference; explicitFileType = wrapper.cfbundle; includeInIndex = 0; path = MilieuUITests.xctest; sourceTree = BUILT_PRODUCTS_DIR; };
		839C88921C14C1D200D80D0A /* MilieuUITests.swift */ = {isa = PBXFileReference; lastKnownFileType = sourcecode.swift; path = MilieuUITests.swift; sourceTree = "<group>"; };
		839C88941C14C1D200D80D0A /* Info.plist */ = {isa = PBXFileReference; lastKnownFileType = text.plist.xml; path = Info.plist; sourceTree = "<group>"; };
		83A0DA6E1DDD555B006523A2 /* Milieu.entitlements */ = {isa = PBXFileReference; lastKnownFileType = text.plist.entitlements; path = Milieu.entitlements; sourceTree = "<group>"; };
		83C32B841C95FAB900F1BF5C /* Status+CoreDataProperties.swift */ = {isa = PBXFileReference; fileEncoding = 4; lastKnownFileType = sourcecode.swift; name = "Status+CoreDataProperties.swift"; path = "Models/CoreData/Status+CoreDataProperties.swift"; sourceTree = "<group>"; };
		83C32B851C95FAB900F1BF5C /* Status.swift */ = {isa = PBXFileReference; fileEncoding = 4; lastKnownFileType = sourcecode.swift; name = Status.swift; path = Models/CoreData/Status.swift; sourceTree = "<group>"; };
		83CD24311D8BACF7008D2945 /* Neighbourhood.swift */ = {isa = PBXFileReference; fileEncoding = 4; lastKnownFileType = sourcecode.swift; name = Neighbourhood.swift; path = Models/CoreData/Neighbourhood.swift; sourceTree = "<group>"; };
		83CD24321D8BACF7008D2945 /* Neighbourhood+CoreDataProperties.swift */ = {isa = PBXFileReference; fileEncoding = 4; lastKnownFileType = sourcecode.swift; name = "Neighbourhood+CoreDataProperties.swift"; path = "Models/CoreData/Neighbourhood+CoreDataProperties.swift"; sourceTree = "<group>"; };
		83DEF4111C5D26540051002C /* DescriptionCell.swift */ = {isa = PBXFileReference; fileEncoding = 4; lastKnownFileType = sourcecode.swift; name = DescriptionCell.swift; path = Views/DescriptionCell.swift; sourceTree = "<group>"; };
		83DEF4131C5D26790051002C /* StatusCell.swift */ = {isa = PBXFileReference; fileEncoding = 4; lastKnownFileType = sourcecode.swift; name = StatusCell.swift; path = Views/StatusCell.swift; sourceTree = "<group>"; };
		83DEF4151C5D39BA0051002C /* UIImageView+DownloadImage.swift */ = {isa = PBXFileReference; fileEncoding = 4; lastKnownFileType = sourcecode.swift; name = "UIImageView+DownloadImage.swift"; path = "Views/UIImageView+DownloadImage.swift"; sourceTree = "<group>"; };
		83EE7D541C14DF3000CEDF0D /* AR5Logger.swift */ = {isa = PBXFileReference; fileEncoding = 4; lastKnownFileType = sourcecode.swift; name = AR5Logger.swift; path = Helpers/AR5Logger.swift; sourceTree = "<group>"; };
		83FA343A1D60D0740061276F /* Webservice.swift */ = {isa = PBXFileReference; fileEncoding = 4; lastKnownFileType = sourcecode.swift; name = Webservice.swift; path = Networking/Webservice.swift; sourceTree = "<group>"; };
		83FA343D1D60D1CB0061276F /* Resource.swift */ = {isa = PBXFileReference; fileEncoding = 4; lastKnownFileType = sourcecode.swift; name = Resource.swift; path = Networking/Resources/Resource.swift; sourceTree = "<group>"; };
		83FA343F1D6125510061276F /* DevSite.swift */ = {isa = PBXFileReference; fileEncoding = 4; lastKnownFileType = sourcecode.swift; name = DevSite.swift; path = Networking/Resources/DevSite.swift; sourceTree = "<group>"; };
		83FB298F1C43208D0093EBC8 /* ottawa_wards_2010.json */ = {isa = PBXFileReference; fileEncoding = 4; lastKnownFileType = text.json; path = ottawa_wards_2010.json; sourceTree = "<group>"; };
		83FB29911C4321760093EBC8 /* CoreDataStack.swift */ = {isa = PBXFileReference; fileEncoding = 4; lastKnownFileType = sourcecode.swift; name = CoreDataStack.swift; path = Models/CoreDataStack.swift; sourceTree = "<group>"; };
		83FB29951C4322720093EBC8 /* Milieu.xcdatamodel */ = {isa = PBXFileReference; lastKnownFileType = wrapper.xcdatamodel; path = Milieu.xcdatamodel; sourceTree = "<group>"; };
		83FB29A11C44AE8E0093EBC8 /* Coordinate+CoreDataProperties.swift */ = {isa = PBXFileReference; fileEncoding = 4; lastKnownFileType = sourcecode.swift; name = "Coordinate+CoreDataProperties.swift"; path = "Models/Coordinate+CoreDataProperties.swift"; sourceTree = "<group>"; };
		83FB29A21C44AE8E0093EBC8 /* Coordinate.swift */ = {isa = PBXFileReference; fileEncoding = 4; lastKnownFileType = sourcecode.swift; name = Coordinate.swift; path = Models/Coordinate.swift; sourceTree = "<group>"; };
		83FB29E61C473F140093EBC8 /* City+CoreDataProperties.swift */ = {isa = PBXFileReference; fileEncoding = 4; lastKnownFileType = sourcecode.swift; name = "City+CoreDataProperties.swift"; path = "Models/City+CoreDataProperties.swift"; sourceTree = "<group>"; };
		83FB29E71C473F140093EBC8 /* City.swift */ = {isa = PBXFileReference; fileEncoding = 4; lastKnownFileType = sourcecode.swift; name = City.swift; path = Models/City.swift; sourceTree = "<group>"; };
		83FB29EE1C4A979B0093EBC8 /* LaunchViewController.swift */ = {isa = PBXFileReference; fileEncoding = 4; lastKnownFileType = sourcecode.swift; name = LaunchViewController.swift; path = ViewControllers/LaunchViewController.swift; sourceTree = "<group>"; };
		83FB29F01C4A9D480093EBC8 /* ConnectionManager.swift */ = {isa = PBXFileReference; fileEncoding = 4; lastKnownFileType = sourcecode.swift; name = ConnectionManager.swift; path = Helpers/ConnectionManager.swift; sourceTree = "<group>"; };
		83FB29F51C4AC4000093EBC8 /* Address+CoreDataProperties.swift */ = {isa = PBXFileReference; fileEncoding = 4; lastKnownFileType = sourcecode.swift; name = "Address+CoreDataProperties.swift"; path = "Models/Address+CoreDataProperties.swift"; sourceTree = "<group>"; };
		83FB29F61C4AC4000093EBC8 /* Address.swift */ = {isa = PBXFileReference; fileEncoding = 4; lastKnownFileType = sourcecode.swift; name = Address.swift; path = Models/Address.swift; sourceTree = "<group>"; };
		D7F0C6DC201940C8B7B419B3 /* Pods-MilieuUITests.alpha.xcconfig */ = {isa = PBXFileReference; includeInIndex = 1; lastKnownFileType = text.xcconfig; name = "Pods-MilieuUITests.alpha.xcconfig"; path = "Pods/Target Support Files/Pods-MilieuUITests/Pods-MilieuUITests.alpha.xcconfig"; sourceTree = "<group>"; };
/* End PBXFileReference section */

/* Begin PBXFrameworksBuildPhase section */
		839C886A1C14C1D200D80D0A /* Frameworks */ = {
			isa = PBXFrameworksBuildPhase;
			buildActionMask = 2147483647;
			files = (
				2778F262BA7D9B892493DA4D /* Pods_Milieu.framework in Frameworks */,
			);
			runOnlyForDeploymentPostprocessing = 0;
		};
		839C88801C14C1D200D80D0A /* Frameworks */ = {
			isa = PBXFrameworksBuildPhase;
			buildActionMask = 2147483647;
			files = (
				3E2BCA7929D3994C7EDE12C5 /* Pods_MilieuTests.framework in Frameworks */,
			);
			runOnlyForDeploymentPostprocessing = 0;
		};
		839C888B1C14C1D200D80D0A /* Frameworks */ = {
			isa = PBXFrameworksBuildPhase;
			buildActionMask = 2147483647;
			files = (
				EE7C6C3C85236275F513D91C /* Pods_MilieuUITests.framework in Frameworks */,
			);
			runOnlyForDeploymentPostprocessing = 0;
		};
/* End PBXFrameworksBuildPhase section */

/* Begin PBXGroup section */
		0E6193869BDA8A2EFF543501 /* Frameworks */ = {
			isa = PBXGroup;
			children = (
				232F1A68D95F6DEC274308D6 /* Pods_Milieu.framework */,
				127375757A998C363C60FDA7 /* Pods_MilieuTests.framework */,
				335ACE58E1EFB66E1985B603 /* Pods_MilieuUITests.framework */,
			);
			name = Frameworks;
			sourceTree = "<group>";
		};
		83080A321DA001A9007966A5 /* DetailViews */ = {
			isa = PBXGroup;
			children = (
				831C224E1CAB5EBC003351B1 /* HeaderImageCell.swift */,
				83080A331DA00BE5007966A5 /* GeneralInfoCell.swift */,
				83DEF4111C5D26540051002C /* DescriptionCell.swift */,
				83DEF4131C5D26790051002C /* StatusCell.swift */,
				83080A351DA02713007966A5 /* DevSiteCell.swift */,
			);
			name = DetailViews;
			sourceTree = "<group>";
		};
		8317C97B1C25AF420088DEAA /* Models */ = {
			isa = PBXGroup;
			children = (
				837BDF801C51E9CA0000A9E4 /* CoreData */,
				837BDF7F1C51E7CB0000A9E4 /* Annotations */,
				83405D081C37487200F16F4D /* ApplicationComments.swift */,
				83405D0C1C374F4100F16F4D /* Comments.plist */,
				837BDF811C51F7700000A9E4 /* Events.plist */,
				831A89AD1C4E14060066A874 /* NeighbourManager.swift */,
			);
			name = Models;
			sourceTree = "<group>";
		};
		8317C9841C25FFD50088DEAA /* Constants */ = {
			isa = PBXGroup;
			children = (
				8317C9851C25FFF20088DEAA /* Constants.swift */,
			);
			name = Constants;
			sourceTree = "<group>";
		};
		831C22561CAB6408003351B1 /* Networking */ = {
			isa = PBXGroup;
			children = (
				83FA343A1D60D0740061276F /* Webservice.swift */,
				834DED8B1E2AA645000D2F77 /* HttpMethod.swift */,
				83FA343C1D60D19B0061276F /* Resources */,
			);
			name = Networking;
			sourceTree = "<group>";
		};
		833DB8CC1E2F0FF000D040A9 /* Services */ = {
			isa = PBXGroup;
			children = (
				833DB8CF1E34768F00D040A9 /* AccountManager.swift */,
			);
			name = Services;
			sourceTree = "<group>";
		};
		83405D051C37431400F16F4D /* Views */ = {
			isa = PBXGroup;
			children = (
				83080A321DA001A9007966A5 /* DetailViews */,
				83405D061C37435A00F16F4D /* CommentCell.swift */,
				83405D0F1C38278D00F16F4D /* UIImage+Resize.swift */,
				831C224C1CAB5EA5003351B1 /* CardCell.swift */,
				831C22501CAB5ED0003351B1 /* FloatRatingView.swift */,
				83DEF4151C5D39BA0051002C /* UIImageView+DownloadImage.swift */,
				83080A301D9FFCEA007966A5 /* UIView+Constraints.swift */,
			);
			name = Views;
			sourceTree = "<group>";
		};
		834E87EC1C1C6687002A763C /* Controllers */ = {
			isa = PBXGroup;
			children = (
				83FB29EE1C4A979B0093EBC8 /* LaunchViewController.swift */,
				834E87ED1C1C6734002A763C /* MapViewController.swift */,
				8317C9821C25F5250088DEAA /* ApplicationDetailViewController.swift */,
				83405D031C37424200F16F4D /* CommentsViewController.swift */,
				83080A2E1D9FF565007966A5 /* DevsiteDetailController.swift */,
				838B51AF1DDC03BE000A9CB5 /* AuthenticateViewController.swift */,
				838B51B11DDC0452000A9CB5 /* UserTableViewController.swift */,
			);
			name = Controllers;
			sourceTree = "<group>";
		};
		837BDF7F1C51E7CB0000A9E4 /* Annotations */ = {
			isa = PBXGroup;
			children = (
				8317C97C1C25AFE10088DEAA /* ApplicationInfo.swift */,
				837BDF7D1C51E7C70000A9E4 /* MilieuAnnotation.swift */,
				837BDF831C51FC640000A9E4 /* EventInfo.swift */,
			);
			name = Annotations;
			sourceTree = "<group>";
		};
		837BDF801C51E9CA0000A9E4 /* CoreData */ = {
			isa = PBXGroup;
			children = (
				10B9E3E51C4D59B800DE21B9 /* CoreDataManager.swift */,
				83FB29911C4321760093EBC8 /* CoreDataStack.swift */,
				83FB29941C4322720093EBC8 /* Milieu.xcdatamodeld */,
				83CD24311D8BACF7008D2945 /* Neighbourhood.swift */,
				83CD24321D8BACF7008D2945 /* Neighbourhood+CoreDataProperties.swift */,
				835A1C171D486F400054C2F0 /* DevApp+CoreDataProperties.swift */,
				835A1C181D486F400054C2F0 /* DevApp.swift */,
				83FB29A11C44AE8E0093EBC8 /* Coordinate+CoreDataProperties.swift */,
				83FB29A21C44AE8E0093EBC8 /* Coordinate.swift */,
				83FB29E61C473F140093EBC8 /* City+CoreDataProperties.swift */,
				83FB29E71C473F140093EBC8 /* City.swift */,
				83FB29F51C4AC4000093EBC8 /* Address+CoreDataProperties.swift */,
				83FB29F61C4AC4000093EBC8 /* Address.swift */,
				83C32B841C95FAB900F1BF5C /* Status+CoreDataProperties.swift */,
				83C32B851C95FAB900F1BF5C /* Status.swift */,
			);
			name = CoreData;
			sourceTree = "<group>";
		};
		839C88641C14C1D200D80D0A = {
			isa = PBXGroup;
			children = (
				839C886F1C14C1D200D80D0A /* Milieu */,
				839C88861C14C1D200D80D0A /* MilieuTests */,
				839C88911C14C1D200D80D0A /* MilieuUITests */,
				839C886E1C14C1D200D80D0A /* Products */,
				EEE7BFB3EA2FEEBA4DB59971 /* Pods */,
				0E6193869BDA8A2EFF543501 /* Frameworks */,
			);
			sourceTree = "<group>";
		};
		839C886E1C14C1D200D80D0A /* Products */ = {
			isa = PBXGroup;
			children = (
				839C886D1C14C1D200D80D0A /* Milieu.app */,
				839C88831C14C1D200D80D0A /* MilieuTests.xctest */,
				839C888E1C14C1D200D80D0A /* MilieuUITests.xctest */,
			);
			name = Products;
			sourceTree = "<group>";
		};
		839C886F1C14C1D200D80D0A /* Milieu */ = {
			isa = PBXGroup;
			children = (
				833DB8CC1E2F0FF000D040A9 /* Services */,
				83A0DA6E1DDD555B006523A2 /* Milieu.entitlements */,
				831C22561CAB6408003351B1 /* Networking */,
				83405D051C37431400F16F4D /* Views */,
				8317C9841C25FFD50088DEAA /* Constants */,
				8317C97B1C25AF420088DEAA /* Models */,
				834E87EC1C1C6687002A763C /* Controllers */,
				83EE7D561C14E01E00CEDF0D /* Helpers */,
				839C88701C14C1D200D80D0A /* AppDelegate.swift */,
				839C88761C14C1D200D80D0A /* Main.storyboard */,
				839C88791C14C1D200D80D0A /* Assets.xcassets */,
				839C887B1C14C1D200D80D0A /* LaunchScreen.storyboard */,
				839C887E1C14C1D200D80D0A /* Info.plist */,
				83FB298F1C43208D0093EBC8 /* ottawa_wards_2010.json */,
				8317C97F1C25ECAC0088DEAA /* Acknowledgement&Legal */,
			);
			path = Milieu;
			sourceTree = "<group>";
		};
		839C88861C14C1D200D80D0A /* MilieuTests */ = {
			isa = PBXGroup;
			children = (
				839C88871C14C1D200D80D0A /* MilieuTests.swift */,
				839C88891C14C1D200D80D0A /* Info.plist */,
			);
			path = MilieuTests;
			sourceTree = "<group>";
		};
		839C88911C14C1D200D80D0A /* MilieuUITests */ = {
			isa = PBXGroup;
			children = (
				839C88921C14C1D200D80D0A /* MilieuUITests.swift */,
				839C88941C14C1D200D80D0A /* Info.plist */,
			);
			path = MilieuUITests;
			sourceTree = "<group>";
		};
		83EE7D561C14E01E00CEDF0D /* Helpers */ = {
			isa = PBXGroup;
			children = (
				83EE7D541C14DF3000CEDF0D /* AR5Logger.swift */,
				83FB29F01C4A9D480093EBC8 /* ConnectionManager.swift */,
				830F87991C51CED90039CC8D /* DateUtil.swift */,
			);
			name = Helpers;
			sourceTree = "<group>";
		};
		83FA343C1D60D19B0061276F /* Resources */ = {
			isa = PBXGroup;
			children = (
				83FA343D1D60D1CB0061276F /* Resource.swift */,
				83FA343F1D6125510061276F /* DevSite.swift */,
				833DB8CA1E2EFD5500D040A9 /* ApiToken.swift */,
			);
			name = Resources;
			sourceTree = "<group>";
		};
		EEE7BFB3EA2FEEBA4DB59971 /* Pods */ = {
			isa = PBXGroup;
			children = (
				078DE1060C95CEA9985F493D /* Pods-Milieu.debug.xcconfig */,
				0E3039D9028479E319D70D5B /* Pods-Milieu.release.xcconfig */,
				7FF45709C6C76C13AD1F790C /* Pods-MilieuTests.debug.xcconfig */,
				29F84DBDE876862CB71D0792 /* Pods-MilieuTests.release.xcconfig */,
				1768E4FFC88A95905D51DB8B /* Pods-MilieuUITests.debug.xcconfig */,
				08C7E516AE93BF548DACE7D4 /* Pods-MilieuUITests.release.xcconfig */,
				65500B470B1E786CDE2107FC /* Pods-Milieu.beta.xcconfig */,
				2ECE75D3383B3A6D12702592 /* Pods-Milieu.alpha.xcconfig */,
				26E9B25425496B93D474B0D5 /* Pods-MilieuTests.beta.xcconfig */,
				44AD34BBD05C56979517E47D /* Pods-MilieuTests.alpha.xcconfig */,
				78282D22C6FCCCE55D1002CE /* Pods-MilieuUITests.beta.xcconfig */,
				D7F0C6DC201940C8B7B419B3 /* Pods-MilieuUITests.alpha.xcconfig */,
			);
			name = Pods;
			sourceTree = "<group>";
		};
/* End PBXGroup section */

/* Begin PBXNativeTarget section */
		839C886C1C14C1D200D80D0A /* Milieu */ = {
			isa = PBXNativeTarget;
			buildConfigurationList = 839C88971C14C1D200D80D0A /* Build configuration list for PBXNativeTarget "Milieu" */;
			buildPhases = (
				18DB5F309F660C53201BDD83 /* [CP] Check Pods Manifest.lock */,
				839C88691C14C1D200D80D0A /* Sources */,
				839C886A1C14C1D200D80D0A /* Frameworks */,
				839C886B1C14C1D200D80D0A /* Resources */,
				83A0E73A1C76AEDE00761DA6 /* ShellScript */,
				7BC91B537E129ECF42FE5B95 /* [CP] Embed Pods Frameworks */,
				D18102FE9C679EFA8B6F157C /* [CP] Copy Pods Resources */,
			);
			buildRules = (
			);
			dependencies = (
			);
			name = Milieu;
			productName = Milieu;
			productReference = 839C886D1C14C1D200D80D0A /* Milieu.app */;
			productType = "com.apple.product-type.application";
		};
		839C88821C14C1D200D80D0A /* MilieuTests */ = {
			isa = PBXNativeTarget;
			buildConfigurationList = 839C889A1C14C1D200D80D0A /* Build configuration list for PBXNativeTarget "MilieuTests" */;
			buildPhases = (
				DCE55FDF6EA08D1EC11782E4 /* [CP] Check Pods Manifest.lock */,
				839C887F1C14C1D200D80D0A /* Sources */,
				839C88801C14C1D200D80D0A /* Frameworks */,
				839C88811C14C1D200D80D0A /* Resources */,
				DD19D2AEA7F71FBC867AE994 /* [CP] Embed Pods Frameworks */,
				191C8F594886C2C24CB63FBB /* [CP] Copy Pods Resources */,
			);
			buildRules = (
			);
			dependencies = (
				839C88851C14C1D200D80D0A /* PBXTargetDependency */,
			);
			name = MilieuTests;
			productName = MilieuTests;
			productReference = 839C88831C14C1D200D80D0A /* MilieuTests.xctest */;
			productType = "com.apple.product-type.bundle.unit-test";
		};
		839C888D1C14C1D200D80D0A /* MilieuUITests */ = {
			isa = PBXNativeTarget;
			buildConfigurationList = 839C889D1C14C1D200D80D0A /* Build configuration list for PBXNativeTarget "MilieuUITests" */;
			buildPhases = (
				F1F59D3BE17B2C8B4226CAB5 /* [CP] Check Pods Manifest.lock */,
				839C888A1C14C1D200D80D0A /* Sources */,
				839C888B1C14C1D200D80D0A /* Frameworks */,
				839C888C1C14C1D200D80D0A /* Resources */,
				38380BC0750FB4C0CAA3A3E3 /* [CP] Copy Pods Resources */,
				463AB339C3D84E7ACAEE2C0A /* [CP] Embed Pods Frameworks */,
			);
			buildRules = (
			);
			dependencies = (
				839C88901C14C1D200D80D0A /* PBXTargetDependency */,
			);
			name = MilieuUITests;
			productName = MilieuUITests;
			productReference = 839C888E1C14C1D200D80D0A /* MilieuUITests.xctest */;
			productType = "com.apple.product-type.bundle.ui-testing";
		};
/* End PBXNativeTarget section */

/* Begin PBXProject section */
		839C88651C14C1D200D80D0A /* Project object */ = {
			isa = PBXProject;
			attributes = {
				LastSwiftUpdateCheck = 0720;
				LastUpgradeCheck = 0810;
				ORGANIZATIONNAME = "Atelier Ruderal";
				TargetAttributes = {
					839C886C1C14C1D200D80D0A = {
						CreatedOnToolsVersion = 7.1.1;
						DevelopmentTeam = D8HER77FJ6;
						LastSwiftMigration = 0800;
						SystemCapabilities = {
							com.apple.Keychain = {
								enabled = 1;
							};
						};
					};
					839C88821C14C1D200D80D0A = {
						CreatedOnToolsVersion = 7.1.1;
						LastSwiftMigration = 0800;
						TestTargetID = 839C886C1C14C1D200D80D0A;
					};
					839C888D1C14C1D200D80D0A = {
						CreatedOnToolsVersion = 7.1.1;
						LastSwiftMigration = 0800;
						TestTargetID = 839C886C1C14C1D200D80D0A;
					};
				};
			};
			buildConfigurationList = 839C88681C14C1D200D80D0A /* Build configuration list for PBXProject "Milieu" */;
			compatibilityVersion = "Xcode 3.2";
			developmentRegion = English;
			hasScannedForEncodings = 0;
			knownRegions = (
				en,
				Base,
			);
			mainGroup = 839C88641C14C1D200D80D0A;
			productRefGroup = 839C886E1C14C1D200D80D0A /* Products */;
			projectDirPath = "";
			projectRoot = "";
			targets = (
				839C886C1C14C1D200D80D0A /* Milieu */,
				839C88821C14C1D200D80D0A /* MilieuTests */,
				839C888D1C14C1D200D80D0A /* MilieuUITests */,
			);
		};
/* End PBXProject section */

/* Begin PBXResourcesBuildPhase section */
		839C886B1C14C1D200D80D0A /* Resources */ = {
			isa = PBXResourcesBuildPhase;
			buildActionMask = 2147483647;
			files = (
				837BDF821C51F7700000A9E4 /* Events.plist in Resources */,
				839C887D1C14C1D200D80D0A /* LaunchScreen.storyboard in Resources */,
				83405D0D1C374F4100F16F4D /* Comments.plist in Resources */,
				839C887A1C14C1D200D80D0A /* Assets.xcassets in Resources */,
				8317C9801C25ECAC0088DEAA /* Acknowledgement&Legal in Resources */,
				83FB29901C43208D0093EBC8 /* ottawa_wards_2010.json in Resources */,
				839C88781C14C1D200D80D0A /* Main.storyboard in Resources */,
			);
			runOnlyForDeploymentPostprocessing = 0;
		};
		839C88811C14C1D200D80D0A /* Resources */ = {
			isa = PBXResourcesBuildPhase;
			buildActionMask = 2147483647;
			files = (
			);
			runOnlyForDeploymentPostprocessing = 0;
		};
		839C888C1C14C1D200D80D0A /* Resources */ = {
			isa = PBXResourcesBuildPhase;
			buildActionMask = 2147483647;
			files = (
			);
			runOnlyForDeploymentPostprocessing = 0;
		};
/* End PBXResourcesBuildPhase section */

/* Begin PBXShellScriptBuildPhase section */
		18DB5F309F660C53201BDD83 /* [CP] Check Pods Manifest.lock */ = {
			isa = PBXShellScriptBuildPhase;
			buildActionMask = 2147483647;
			files = (
			);
			inputPaths = (
			);
			name = "[CP] Check Pods Manifest.lock";
			outputPaths = (
			);
			runOnlyForDeploymentPostprocessing = 0;
			shellPath = /bin/sh;
			shellScript = "diff \"${PODS_ROOT}/../Podfile.lock\" \"${PODS_ROOT}/Manifest.lock\" > /dev/null\nif [ $? != 0 ] ; then\n    # print error to STDERR\n    echo \"error: The sandbox is not in sync with the Podfile.lock. Run 'pod install' or update your CocoaPods installation.\" >&2\n    exit 1\nfi\n";
			showEnvVarsInLog = 0;
		};
		191C8F594886C2C24CB63FBB /* [CP] Copy Pods Resources */ = {
			isa = PBXShellScriptBuildPhase;
			buildActionMask = 2147483647;
			files = (
			);
			inputPaths = (
			);
			name = "[CP] Copy Pods Resources";
			outputPaths = (
			);
			runOnlyForDeploymentPostprocessing = 0;
			shellPath = /bin/sh;
			shellScript = "\"${SRCROOT}/Pods/Target Support Files/Pods-MilieuTests/Pods-MilieuTests-resources.sh\"\n";
			showEnvVarsInLog = 0;
		};
		38380BC0750FB4C0CAA3A3E3 /* [CP] Copy Pods Resources */ = {
			isa = PBXShellScriptBuildPhase;
			buildActionMask = 2147483647;
			files = (
			);
			inputPaths = (
			);
			name = "[CP] Copy Pods Resources";
			outputPaths = (
			);
			runOnlyForDeploymentPostprocessing = 0;
			shellPath = /bin/sh;
			shellScript = "\"${SRCROOT}/Pods/Target Support Files/Pods-MilieuUITests/Pods-MilieuUITests-resources.sh\"\n";
			showEnvVarsInLog = 0;
		};
		463AB339C3D84E7ACAEE2C0A /* [CP] Embed Pods Frameworks */ = {
			isa = PBXShellScriptBuildPhase;
			buildActionMask = 2147483647;
			files = (
			);
			inputPaths = (
			);
			name = "[CP] Embed Pods Frameworks";
			outputPaths = (
			);
			runOnlyForDeploymentPostprocessing = 0;
			shellPath = /bin/sh;
			shellScript = "\"${SRCROOT}/Pods/Target Support Files/Pods-MilieuUITests/Pods-MilieuUITests-frameworks.sh\"\n";
			showEnvVarsInLog = 0;
		};
		7BC91B537E129ECF42FE5B95 /* [CP] Embed Pods Frameworks */ = {
			isa = PBXShellScriptBuildPhase;
			buildActionMask = 2147483647;
			files = (
			);
			inputPaths = (
			);
			name = "[CP] Embed Pods Frameworks";
			outputPaths = (
			);
			runOnlyForDeploymentPostprocessing = 0;
			shellPath = /bin/sh;
			shellScript = "\"${SRCROOT}/Pods/Target Support Files/Pods-Milieu/Pods-Milieu-frameworks.sh\"\n";
			showEnvVarsInLog = 0;
		};
		83A0E73A1C76AEDE00761DA6 /* ShellScript */ = {
			isa = PBXShellScriptBuildPhase;
			buildActionMask = 2147483647;
			files = (
			);
			inputPaths = (
			);
			outputPaths = (
			);
			runOnlyForDeploymentPostprocessing = 0;
			shellPath = /bin/sh;
			shellScript = "\"${PODS_ROOT}/Fabric/run\" 3c8d987cfafa30c8821dd98b8fdf39471b54615c 0fb391a2965d053766a025f7ba1c69033121a2b0bc7720bae9813be9abda0a02";
		};
		D18102FE9C679EFA8B6F157C /* [CP] Copy Pods Resources */ = {
			isa = PBXShellScriptBuildPhase;
			buildActionMask = 2147483647;
			files = (
			);
			inputPaths = (
			);
			name = "[CP] Copy Pods Resources";
			outputPaths = (
			);
			runOnlyForDeploymentPostprocessing = 0;
			shellPath = /bin/sh;
			shellScript = "\"${SRCROOT}/Pods/Target Support Files/Pods-Milieu/Pods-Milieu-resources.sh\"\n";
			showEnvVarsInLog = 0;
		};
		DCE55FDF6EA08D1EC11782E4 /* [CP] Check Pods Manifest.lock */ = {
			isa = PBXShellScriptBuildPhase;
			buildActionMask = 2147483647;
			files = (
			);
			inputPaths = (
			);
			name = "[CP] Check Pods Manifest.lock";
			outputPaths = (
			);
			runOnlyForDeploymentPostprocessing = 0;
			shellPath = /bin/sh;
			shellScript = "diff \"${PODS_ROOT}/../Podfile.lock\" \"${PODS_ROOT}/Manifest.lock\" > /dev/null\nif [ $? != 0 ] ; then\n    # print error to STDERR\n    echo \"error: The sandbox is not in sync with the Podfile.lock. Run 'pod install' or update your CocoaPods installation.\" >&2\n    exit 1\nfi\n";
			showEnvVarsInLog = 0;
		};
		DD19D2AEA7F71FBC867AE994 /* [CP] Embed Pods Frameworks */ = {
			isa = PBXShellScriptBuildPhase;
			buildActionMask = 2147483647;
			files = (
			);
			inputPaths = (
			);
			name = "[CP] Embed Pods Frameworks";
			outputPaths = (
			);
			runOnlyForDeploymentPostprocessing = 0;
			shellPath = /bin/sh;
			shellScript = "\"${SRCROOT}/Pods/Target Support Files/Pods-MilieuTests/Pods-MilieuTests-frameworks.sh\"\n";
			showEnvVarsInLog = 0;
		};
		F1F59D3BE17B2C8B4226CAB5 /* [CP] Check Pods Manifest.lock */ = {
			isa = PBXShellScriptBuildPhase;
			buildActionMask = 2147483647;
			files = (
			);
			inputPaths = (
			);
			name = "[CP] Check Pods Manifest.lock";
			outputPaths = (
			);
			runOnlyForDeploymentPostprocessing = 0;
			shellPath = /bin/sh;
			shellScript = "diff \"${PODS_ROOT}/../Podfile.lock\" \"${PODS_ROOT}/Manifest.lock\" > /dev/null\nif [ $? != 0 ] ; then\n    # print error to STDERR\n    echo \"error: The sandbox is not in sync with the Podfile.lock. Run 'pod install' or update your CocoaPods installation.\" >&2\n    exit 1\nfi\n";
			showEnvVarsInLog = 0;
		};
/* End PBXShellScriptBuildPhase section */

/* Begin PBXSourcesBuildPhase section */
		839C88691C14C1D200D80D0A /* Sources */ = {
			isa = PBXSourcesBuildPhase;
			buildActionMask = 2147483647;
			files = (
				83405D091C37487200F16F4D /* ApplicationComments.swift in Sources */,
				837BDF7E1C51E7C70000A9E4 /* MilieuAnnotation.swift in Sources */,
				83FB29EB1C473F140093EBC8 /* City.swift in Sources */,
				839C88711C14C1D200D80D0A /* AppDelegate.swift in Sources */,
				833DB8CB1E2EFD5500D040A9 /* ApiToken.swift in Sources */,
				8317C9831C25F5250088DEAA /* ApplicationDetailViewController.swift in Sources */,
				83FB29961C4322720093EBC8 /* Milieu.xcdatamodeld in Sources */,
				83DEF4121C5D26540051002C /* DescriptionCell.swift in Sources */,
				83C32B871C95FAB900F1BF5C /* Status.swift in Sources */,
				835A1C1A1D486F400054C2F0 /* DevApp.swift in Sources */,
				83C32B861C95FAB900F1BF5C /* Status+CoreDataProperties.swift in Sources */,
				83FA343E1D60D1CB0061276F /* Resource.swift in Sources */,
				837BDF841C51FC640000A9E4 /* EventInfo.swift in Sources */,
				83080A361DA02713007966A5 /* DevSiteCell.swift in Sources */,
				838B51B01DDC03BE000A9CB5 /* AuthenticateViewController.swift in Sources */,
				833DB8D01E34768F00D040A9 /* AccountManager.swift in Sources */,
				830F879A1C51CED90039CC8D /* DateUtil.swift in Sources */,
				8317C97D1C25AFE10088DEAA /* ApplicationInfo.swift in Sources */,
				83405D101C38278D00F16F4D /* UIImage+Resize.swift in Sources */,
				83CD24331D8BACF7008D2945 /* Neighbourhood.swift in Sources */,
				83FB29F11C4A9D480093EBC8 /* ConnectionManager.swift in Sources */,
				83FB29921C4321760093EBC8 /* CoreDataStack.swift in Sources */,
				10B9E3E61C4D59B800DE21B9 /* CoreDataManager.swift in Sources */,
				83FB29A51C44AE8E0093EBC8 /* Coordinate+CoreDataProperties.swift in Sources */,
				83FA34401D6125510061276F /* DevSite.swift in Sources */,
				831C224D1CAB5EA5003351B1 /* CardCell.swift in Sources */,
				83FB29EA1C473F140093EBC8 /* City+CoreDataProperties.swift in Sources */,
				835A1C191D486F400054C2F0 /* DevApp+CoreDataProperties.swift in Sources */,
				83080A2F1D9FF566007966A5 /* DevsiteDetailController.swift in Sources */,
				834E87EF1C1C6734002A763C /* MapViewController.swift in Sources */,
				834DED8C1E2AA645000D2F77 /* HttpMethod.swift in Sources */,
				831C224F1CAB5EBC003351B1 /* HeaderImageCell.swift in Sources */,
				83405D071C37435A00F16F4D /* CommentCell.swift in Sources */,
				83EE7D551C14DF3000CEDF0D /* AR5Logger.swift in Sources */,
				8317C9861C25FFF20088DEAA /* Constants.swift in Sources */,
				831A89AE1C4E14060066A874 /* NeighbourManager.swift in Sources */,
				83DEF4141C5D26790051002C /* StatusCell.swift in Sources */,
				83FB29FD1C4AC4000093EBC8 /* Address+CoreDataProperties.swift in Sources */,
				831C22511CAB5ED0003351B1 /* FloatRatingView.swift in Sources */,
				83FB29A61C44AE8E0093EBC8 /* Coordinate.swift in Sources */,
				83405D041C37424200F16F4D /* CommentsViewController.swift in Sources */,
				83DEF4161C5D39BA0051002C /* UIImageView+DownloadImage.swift in Sources */,
				83FB29FE1C4AC4000093EBC8 /* Address.swift in Sources */,
				83080A311D9FFCEA007966A5 /* UIView+Constraints.swift in Sources */,
				83FB29EF1C4A979B0093EBC8 /* LaunchViewController.swift in Sources */,
				838B51B21DDC0452000A9CB5 /* UserTableViewController.swift in Sources */,
				83FA343B1D60D0740061276F /* Webservice.swift in Sources */,
				83080A341DA00BE5007966A5 /* GeneralInfoCell.swift in Sources */,
				83CD24341D8BACF7008D2945 /* Neighbourhood+CoreDataProperties.swift in Sources */,
			);
			runOnlyForDeploymentPostprocessing = 0;
		};
		839C887F1C14C1D200D80D0A /* Sources */ = {
			isa = PBXSourcesBuildPhase;
			buildActionMask = 2147483647;
			files = (
				839C88881C14C1D200D80D0A /* MilieuTests.swift in Sources */,
			);
			runOnlyForDeploymentPostprocessing = 0;
		};
		839C888A1C14C1D200D80D0A /* Sources */ = {
			isa = PBXSourcesBuildPhase;
			buildActionMask = 2147483647;
			files = (
				839C88931C14C1D200D80D0A /* MilieuUITests.swift in Sources */,
			);
			runOnlyForDeploymentPostprocessing = 0;
		};
/* End PBXSourcesBuildPhase section */

/* Begin PBXTargetDependency section */
		839C88851C14C1D200D80D0A /* PBXTargetDependency */ = {
			isa = PBXTargetDependency;
			target = 839C886C1C14C1D200D80D0A /* Milieu */;
			targetProxy = 839C88841C14C1D200D80D0A /* PBXContainerItemProxy */;
		};
		839C88901C14C1D200D80D0A /* PBXTargetDependency */ = {
			isa = PBXTargetDependency;
			target = 839C886C1C14C1D200D80D0A /* Milieu */;
			targetProxy = 839C888F1C14C1D200D80D0A /* PBXContainerItemProxy */;
		};
/* End PBXTargetDependency section */

/* Begin PBXVariantGroup section */
		839C88761C14C1D200D80D0A /* Main.storyboard */ = {
			isa = PBXVariantGroup;
			children = (
				839C88771C14C1D200D80D0A /* Base */,
			);
			name = Main.storyboard;
			sourceTree = "<group>";
		};
		839C887B1C14C1D200D80D0A /* LaunchScreen.storyboard */ = {
			isa = PBXVariantGroup;
			children = (
				839C887C1C14C1D200D80D0A /* Base */,
			);
			name = LaunchScreen.storyboard;
			sourceTree = "<group>";
		};
/* End PBXVariantGroup section */

/* Begin XCBuildConfiguration section */
		830319681CB1E86700AF8BA0 /* Alpha */ = {
			isa = XCBuildConfiguration;
			buildSettings = {
				ALWAYS_SEARCH_USER_PATHS = NO;
				CLANG_CXX_LANGUAGE_STANDARD = "gnu++0x";
				CLANG_CXX_LIBRARY = "libc++";
				CLANG_ENABLE_MODULES = YES;
				CLANG_ENABLE_OBJC_ARC = YES;
				CLANG_WARN_BOOL_CONVERSION = YES;
				CLANG_WARN_CONSTANT_CONVERSION = YES;
				CLANG_WARN_DIRECT_OBJC_ISA_USAGE = YES_ERROR;
				CLANG_WARN_EMPTY_BODY = YES;
				CLANG_WARN_ENUM_CONVERSION = YES;
				CLANG_WARN_INFINITE_RECURSION = YES;
				CLANG_WARN_INT_CONVERSION = YES;
				CLANG_WARN_OBJC_ROOT_CLASS = YES_ERROR;
				CLANG_WARN_SUSPICIOUS_MOVE = YES;
				CLANG_WARN_UNREACHABLE_CODE = YES;
				CLANG_WARN__DUPLICATE_METHOD_MATCH = YES;
				"CODE_SIGN_IDENTITY[sdk=iphoneos*]" = "iPhone Developer";
				COPY_PHASE_STRIP = NO;
				DEBUG_INFORMATION_FORMAT = "dwarf-with-dsym";
				ENABLE_NS_ASSERTIONS = NO;
				ENABLE_STRICT_OBJC_MSGSEND = YES;
				GCC_C_LANGUAGE_STANDARD = gnu99;
				GCC_NO_COMMON_BLOCKS = YES;
				GCC_WARN_64_TO_32_BIT_CONVERSION = YES;
				GCC_WARN_ABOUT_RETURN_TYPE = YES_ERROR;
				GCC_WARN_UNDECLARED_SELECTOR = YES;
				GCC_WARN_UNINITIALIZED_AUTOS = YES_AGGRESSIVE;
				GCC_WARN_UNUSED_FUNCTION = YES;
				GCC_WARN_UNUSED_VARIABLE = YES;
				IPHONEOS_DEPLOYMENT_TARGET = 9.0;
				MTL_ENABLE_DEBUG_INFO = NO;
				SDKROOT = iphoneos;
				VALIDATE_PRODUCT = YES;
			};
			name = Alpha;
		};
		830319691CB1E86700AF8BA0 /* Alpha */ = {
			isa = XCBuildConfiguration;
			baseConfigurationReference = 2ECE75D3383B3A6D12702592 /* Pods-Milieu.alpha.xcconfig */;
			buildSettings = {
				ALWAYS_EMBED_SWIFT_STANDARD_LIBRARIES = "$(inherited)";
				ASSETCATALOG_COMPILER_APPICON_NAME = "AppIcon-1";
				CLANG_ENABLE_MODULES = YES;
				CODE_SIGN_ENTITLEMENTS = Milieu/Milieu.entitlements;
				CODE_SIGN_IDENTITY = "iPhone Developer";
				"CODE_SIGN_IDENTITY[sdk=iphoneos*]" = "iPhone Developer";
				CURRENT_PROJECT_VERSION = 6;
				DEVELOPMENT_TEAM = D8HER77FJ6;
				INFOPLIST_FILE = Milieu/Info.plist;
				LD_RUNPATH_SEARCH_PATHS = "$(inherited) @executable_path/Frameworks";
				ONLY_ACTIVE_ARCH = YES;
				PRODUCT_BUNDLE_IDENTIFIER = com.milieucities.milieuapp;
				PRODUCT_NAME = "$(TARGET_NAME)";
				PROVISIONING_PROFILE = "";
				SWIFT_OBJC_BRIDGING_HEADER = "";
				SWIFT_VERSION = 3.0;
				VERSIONING_SYSTEM = "apple-generic";
			};
			name = Alpha;
		};
		8303196A1CB1E86700AF8BA0 /* Alpha */ = {
			isa = XCBuildConfiguration;
			baseConfigurationReference = 44AD34BBD05C56979517E47D /* Pods-MilieuTests.alpha.xcconfig */;
			buildSettings = {
				BUNDLE_LOADER = "$(TEST_HOST)";
				INFOPLIST_FILE = MilieuTests/Info.plist;
				LD_RUNPATH_SEARCH_PATHS = "$(inherited) @executable_path/Frameworks @loader_path/Frameworks";
				PRODUCT_BUNDLE_IDENTIFIER = com.AtelierRuderal.MilieuTests;
				PRODUCT_NAME = "$(TARGET_NAME)";
				SWIFT_VERSION = 3.0;
				TEST_HOST = "$(BUILT_PRODUCTS_DIR)/Milieu.app/Milieu";
			};
			name = Alpha;
		};
		8303196B1CB1E86700AF8BA0 /* Alpha */ = {
			isa = XCBuildConfiguration;
			baseConfigurationReference = D7F0C6DC201940C8B7B419B3 /* Pods-MilieuUITests.alpha.xcconfig */;
			buildSettings = {
				INFOPLIST_FILE = MilieuUITests/Info.plist;
				LD_RUNPATH_SEARCH_PATHS = "$(inherited) @executable_path/Frameworks @loader_path/Frameworks";
				PRODUCT_BUNDLE_IDENTIFIER = com.AtelierRuderal.MilieuUITests;
				PRODUCT_NAME = "$(TARGET_NAME)";
				SWIFT_VERSION = 3.0;
				TEST_TARGET_NAME = Milieu;
				USES_XCTRUNNER = YES;
			};
			name = Alpha;
		};
		8303196C1CB1E87100AF8BA0 /* Beta */ = {
			isa = XCBuildConfiguration;
			buildSettings = {
				ALWAYS_SEARCH_USER_PATHS = NO;
				CLANG_CXX_LANGUAGE_STANDARD = "gnu++0x";
				CLANG_CXX_LIBRARY = "libc++";
				CLANG_ENABLE_MODULES = YES;
				CLANG_ENABLE_OBJC_ARC = YES;
				CLANG_WARN_BOOL_CONVERSION = YES;
				CLANG_WARN_CONSTANT_CONVERSION = YES;
				CLANG_WARN_DIRECT_OBJC_ISA_USAGE = YES_ERROR;
				CLANG_WARN_EMPTY_BODY = YES;
				CLANG_WARN_ENUM_CONVERSION = YES;
				CLANG_WARN_INFINITE_RECURSION = YES;
				CLANG_WARN_INT_CONVERSION = YES;
				CLANG_WARN_OBJC_ROOT_CLASS = YES_ERROR;
				CLANG_WARN_SUSPICIOUS_MOVE = YES;
				CLANG_WARN_UNREACHABLE_CODE = YES;
				CLANG_WARN__DUPLICATE_METHOD_MATCH = YES;
				"CODE_SIGN_IDENTITY[sdk=iphoneos*]" = "iPhone Developer";
				COPY_PHASE_STRIP = NO;
				DEBUG_INFORMATION_FORMAT = "dwarf-with-dsym";
				ENABLE_NS_ASSERTIONS = NO;
				ENABLE_STRICT_OBJC_MSGSEND = YES;
				GCC_C_LANGUAGE_STANDARD = gnu99;
				GCC_NO_COMMON_BLOCKS = YES;
				GCC_WARN_64_TO_32_BIT_CONVERSION = YES;
				GCC_WARN_ABOUT_RETURN_TYPE = YES_ERROR;
				GCC_WARN_UNDECLARED_SELECTOR = YES;
				GCC_WARN_UNINITIALIZED_AUTOS = YES_AGGRESSIVE;
				GCC_WARN_UNUSED_FUNCTION = YES;
				GCC_WARN_UNUSED_VARIABLE = YES;
				IPHONEOS_DEPLOYMENT_TARGET = 9.0;
				MTL_ENABLE_DEBUG_INFO = NO;
				SDKROOT = iphoneos;
				VALIDATE_PRODUCT = YES;
			};
			name = Beta;
		};
		8303196D1CB1E87100AF8BA0 /* Beta */ = {
			isa = XCBuildConfiguration;
			baseConfigurationReference = 65500B470B1E786CDE2107FC /* Pods-Milieu.beta.xcconfig */;
			buildSettings = {
				ALWAYS_EMBED_SWIFT_STANDARD_LIBRARIES = "$(inherited)";
				ASSETCATALOG_COMPILER_APPICON_NAME = "AppIcon-1";
				CLANG_ENABLE_MODULES = YES;
				CODE_SIGN_ENTITLEMENTS = Milieu/Milieu.entitlements;
				CODE_SIGN_IDENTITY = "iPhone Developer";
				"CODE_SIGN_IDENTITY[sdk=iphoneos*]" = "iPhone Developer";
				CURRENT_PROJECT_VERSION = 6;
				DEVELOPMENT_TEAM = D8HER77FJ6;
				INFOPLIST_FILE = Milieu/Info.plist;
				LD_RUNPATH_SEARCH_PATHS = "$(inherited) @executable_path/Frameworks";
				ONLY_ACTIVE_ARCH = YES;
				PRODUCT_BUNDLE_IDENTIFIER = com.milieucities.milieuapp;
				PRODUCT_NAME = "$(TARGET_NAME)";
				PROVISIONING_PROFILE = "";
				SWIFT_OBJC_BRIDGING_HEADER = "";
				SWIFT_VERSION = 3.0;
				VERSIONING_SYSTEM = "apple-generic";
			};
			name = Beta;
		};
		8303196E1CB1E87100AF8BA0 /* Beta */ = {
			isa = XCBuildConfiguration;
			baseConfigurationReference = 26E9B25425496B93D474B0D5 /* Pods-MilieuTests.beta.xcconfig */;
			buildSettings = {
				BUNDLE_LOADER = "$(TEST_HOST)";
				INFOPLIST_FILE = MilieuTests/Info.plist;
				LD_RUNPATH_SEARCH_PATHS = "$(inherited) @executable_path/Frameworks @loader_path/Frameworks";
				PRODUCT_BUNDLE_IDENTIFIER = com.AtelierRuderal.MilieuTests;
				PRODUCT_NAME = "$(TARGET_NAME)";
				SWIFT_VERSION = 3.0;
				TEST_HOST = "$(BUILT_PRODUCTS_DIR)/Milieu.app/Milieu";
			};
			name = Beta;
		};
		8303196F1CB1E87100AF8BA0 /* Beta */ = {
			isa = XCBuildConfiguration;
			baseConfigurationReference = 78282D22C6FCCCE55D1002CE /* Pods-MilieuUITests.beta.xcconfig */;
			buildSettings = {
				INFOPLIST_FILE = MilieuUITests/Info.plist;
				LD_RUNPATH_SEARCH_PATHS = "$(inherited) @executable_path/Frameworks @loader_path/Frameworks";
				PRODUCT_BUNDLE_IDENTIFIER = com.AtelierRuderal.MilieuUITests;
				PRODUCT_NAME = "$(TARGET_NAME)";
				SWIFT_VERSION = 3.0;
				TEST_TARGET_NAME = Milieu;
				USES_XCTRUNNER = YES;
			};
			name = Beta;
		};
		839C88951C14C1D200D80D0A /* Debug */ = {
			isa = XCBuildConfiguration;
			buildSettings = {
				ALWAYS_SEARCH_USER_PATHS = NO;
				CLANG_CXX_LANGUAGE_STANDARD = "gnu++0x";
				CLANG_CXX_LIBRARY = "libc++";
				CLANG_ENABLE_MODULES = YES;
				CLANG_ENABLE_OBJC_ARC = YES;
				CLANG_WARN_BOOL_CONVERSION = YES;
				CLANG_WARN_CONSTANT_CONVERSION = YES;
				CLANG_WARN_DIRECT_OBJC_ISA_USAGE = YES_ERROR;
				CLANG_WARN_EMPTY_BODY = YES;
				CLANG_WARN_ENUM_CONVERSION = YES;
				CLANG_WARN_INFINITE_RECURSION = YES;
				CLANG_WARN_INT_CONVERSION = YES;
				CLANG_WARN_OBJC_ROOT_CLASS = YES_ERROR;
				CLANG_WARN_SUSPICIOUS_MOVE = YES;
				CLANG_WARN_UNREACHABLE_CODE = YES;
				CLANG_WARN__DUPLICATE_METHOD_MATCH = YES;
				"CODE_SIGN_IDENTITY[sdk=iphoneos*]" = "iPhone Developer";
				COPY_PHASE_STRIP = NO;
				DEBUG_INFORMATION_FORMAT = "dwarf-with-dsym";
				ENABLE_STRICT_OBJC_MSGSEND = YES;
				ENABLE_TESTABILITY = YES;
				GCC_C_LANGUAGE_STANDARD = gnu99;
				GCC_DYNAMIC_NO_PIC = NO;
				GCC_NO_COMMON_BLOCKS = YES;
				GCC_OPTIMIZATION_LEVEL = 0;
				GCC_PREPROCESSOR_DEFINITIONS = (
					"DEBUG=1",
					"$(inherited)",
				);
				GCC_WARN_64_TO_32_BIT_CONVERSION = YES;
				GCC_WARN_ABOUT_RETURN_TYPE = YES_ERROR;
				GCC_WARN_UNDECLARED_SELECTOR = YES;
				GCC_WARN_UNINITIALIZED_AUTOS = YES_AGGRESSIVE;
				GCC_WARN_UNUSED_FUNCTION = YES;
				GCC_WARN_UNUSED_VARIABLE = YES;
				IPHONEOS_DEPLOYMENT_TARGET = 9.0;
				MTL_ENABLE_DEBUG_INFO = YES;
				ONLY_ACTIVE_ARCH = YES;
				SDKROOT = iphoneos;
				SWIFT_OPTIMIZATION_LEVEL = "-Onone";
			};
			name = Debug;
		};
		839C88961C14C1D200D80D0A /* Release */ = {
			isa = XCBuildConfiguration;
			buildSettings = {
				ALWAYS_SEARCH_USER_PATHS = NO;
				CLANG_CXX_LANGUAGE_STANDARD = "gnu++0x";
				CLANG_CXX_LIBRARY = "libc++";
				CLANG_ENABLE_MODULES = YES;
				CLANG_ENABLE_OBJC_ARC = YES;
				CLANG_WARN_BOOL_CONVERSION = YES;
				CLANG_WARN_CONSTANT_CONVERSION = YES;
				CLANG_WARN_DIRECT_OBJC_ISA_USAGE = YES_ERROR;
				CLANG_WARN_EMPTY_BODY = YES;
				CLANG_WARN_ENUM_CONVERSION = YES;
				CLANG_WARN_INFINITE_RECURSION = YES;
				CLANG_WARN_INT_CONVERSION = YES;
				CLANG_WARN_OBJC_ROOT_CLASS = YES_ERROR;
				CLANG_WARN_SUSPICIOUS_MOVE = YES;
				CLANG_WARN_UNREACHABLE_CODE = YES;
				CLANG_WARN__DUPLICATE_METHOD_MATCH = YES;
				"CODE_SIGN_IDENTITY[sdk=iphoneos*]" = "iPhone Developer";
				COPY_PHASE_STRIP = NO;
				DEBUG_INFORMATION_FORMAT = "dwarf-with-dsym";
				ENABLE_NS_ASSERTIONS = NO;
				ENABLE_STRICT_OBJC_MSGSEND = YES;
				GCC_C_LANGUAGE_STANDARD = gnu99;
				GCC_NO_COMMON_BLOCKS = YES;
				GCC_WARN_64_TO_32_BIT_CONVERSION = YES;
				GCC_WARN_ABOUT_RETURN_TYPE = YES_ERROR;
				GCC_WARN_UNDECLARED_SELECTOR = YES;
				GCC_WARN_UNINITIALIZED_AUTOS = YES_AGGRESSIVE;
				GCC_WARN_UNUSED_FUNCTION = YES;
				GCC_WARN_UNUSED_VARIABLE = YES;
				IPHONEOS_DEPLOYMENT_TARGET = 9.0;
				MTL_ENABLE_DEBUG_INFO = NO;
				SDKROOT = iphoneos;
				SWIFT_OPTIMIZATION_LEVEL = "-Owholemodule";
				VALIDATE_PRODUCT = YES;
			};
			name = Release;
		};
		839C88981C14C1D200D80D0A /* Debug */ = {
			isa = XCBuildConfiguration;
			baseConfigurationReference = 078DE1060C95CEA9985F493D /* Pods-Milieu.debug.xcconfig */;
			buildSettings = {
				ALWAYS_EMBED_SWIFT_STANDARD_LIBRARIES = "$(inherited)";
				ASSETCATALOG_COMPILER_APPICON_NAME = "AppIcon-1";
				CLANG_ENABLE_MODULES = YES;
				CODE_SIGN_ENTITLEMENTS = Milieu/Milieu.entitlements;
				CODE_SIGN_IDENTITY = "iPhone Developer";
				"CODE_SIGN_IDENTITY[sdk=iphoneos*]" = "iPhone Developer";
				CURRENT_PROJECT_VERSION = 6;
				DEVELOPMENT_TEAM = D8HER77FJ6;
				INFOPLIST_FILE = Milieu/Info.plist;
				LD_RUNPATH_SEARCH_PATHS = "$(inherited) @executable_path/Frameworks";
				ONLY_ACTIVE_ARCH = YES;
				PRODUCT_BUNDLE_IDENTIFIER = com.milieucities.milieuapp;
				PRODUCT_NAME = "$(TARGET_NAME)";
				PROVISIONING_PROFILE = "";
				SWIFT_OBJC_BRIDGING_HEADER = "";
				SWIFT_OPTIMIZATION_LEVEL = "-Onone";
				SWIFT_VERSION = 3.0;
				VERSIONING_SYSTEM = "apple-generic";
			};
			name = Debug;
		};
		839C88991C14C1D200D80D0A /* Release */ = {
			isa = XCBuildConfiguration;
			baseConfigurationReference = 0E3039D9028479E319D70D5B /* Pods-Milieu.release.xcconfig */;
			buildSettings = {
				ALWAYS_EMBED_SWIFT_STANDARD_LIBRARIES = "$(inherited)";
				ASSETCATALOG_COMPILER_APPICON_NAME = "AppIcon-1";
				CLANG_ENABLE_MODULES = YES;
				CODE_SIGN_ENTITLEMENTS = Milieu/Milieu.entitlements;
				CODE_SIGN_IDENTITY = "iPhone Developer";
				"CODE_SIGN_IDENTITY[sdk=iphoneos*]" = "iPhone Developer";
				CURRENT_PROJECT_VERSION = 6;
				DEVELOPMENT_TEAM = D8HER77FJ6;
				INFOPLIST_FILE = Milieu/Info.plist;
				LD_RUNPATH_SEARCH_PATHS = "$(inherited) @executable_path/Frameworks";
				ONLY_ACTIVE_ARCH = YES;
				PRODUCT_BUNDLE_IDENTIFIER = com.milieucities.milieuapp;
				PRODUCT_NAME = "$(TARGET_NAME)";
				PROVISIONING_PROFILE = "";
				SWIFT_OBJC_BRIDGING_HEADER = "";
				SWIFT_VERSION = 3.0;
				VERSIONING_SYSTEM = "apple-generic";
			};
			name = Release;
		};
		839C889B1C14C1D200D80D0A /* Debug */ = {
			isa = XCBuildConfiguration;
			baseConfigurationReference = 7FF45709C6C76C13AD1F790C /* Pods-MilieuTests.debug.xcconfig */;
			buildSettings = {
				BUNDLE_LOADER = "$(TEST_HOST)";
				INFOPLIST_FILE = MilieuTests/Info.plist;
				LD_RUNPATH_SEARCH_PATHS = "$(inherited) @executable_path/Frameworks @loader_path/Frameworks";
				PRODUCT_BUNDLE_IDENTIFIER = com.AtelierRuderal.MilieuTests;
				PRODUCT_NAME = "$(TARGET_NAME)";
				SWIFT_VERSION = 3.0;
				TEST_HOST = "$(BUILT_PRODUCTS_DIR)/Milieu.app/Milieu";
			};
			name = Debug;
		};
		839C889C1C14C1D200D80D0A /* Release */ = {
			isa = XCBuildConfiguration;
			baseConfigurationReference = 29F84DBDE876862CB71D0792 /* Pods-MilieuTests.release.xcconfig */;
			buildSettings = {
				BUNDLE_LOADER = "$(TEST_HOST)";
				INFOPLIST_FILE = MilieuTests/Info.plist;
				LD_RUNPATH_SEARCH_PATHS = "$(inherited) @executable_path/Frameworks @loader_path/Frameworks";
				PRODUCT_BUNDLE_IDENTIFIER = com.AtelierRuderal.MilieuTests;
				PRODUCT_NAME = "$(TARGET_NAME)";
				SWIFT_VERSION = 3.0;
				TEST_HOST = "$(BUILT_PRODUCTS_DIR)/Milieu.app/Milieu";
			};
			name = Release;
		};
		839C889E1C14C1D200D80D0A /* Debug */ = {
			isa = XCBuildConfiguration;
			baseConfigurationReference = 1768E4FFC88A95905D51DB8B /* Pods-MilieuUITests.debug.xcconfig */;
			buildSettings = {
				INFOPLIST_FILE = MilieuUITests/Info.plist;
				LD_RUNPATH_SEARCH_PATHS = "$(inherited) @executable_path/Frameworks @loader_path/Frameworks";
				PRODUCT_BUNDLE_IDENTIFIER = com.AtelierRuderal.MilieuUITests;
				PRODUCT_NAME = "$(TARGET_NAME)";
				SWIFT_VERSION = 3.0;
				TEST_TARGET_NAME = Milieu;
				USES_XCTRUNNER = YES;
			};
			name = Debug;
		};
		839C889F1C14C1D200D80D0A /* Release */ = {
			isa = XCBuildConfiguration;
			baseConfigurationReference = 08C7E516AE93BF548DACE7D4 /* Pods-MilieuUITests.release.xcconfig */;
			buildSettings = {
				INFOPLIST_FILE = MilieuUITests/Info.plist;
				LD_RUNPATH_SEARCH_PATHS = "$(inherited) @executable_path/Frameworks @loader_path/Frameworks";
				PRODUCT_BUNDLE_IDENTIFIER = com.AtelierRuderal.MilieuUITests;
				PRODUCT_NAME = "$(TARGET_NAME)";
				SWIFT_VERSION = 3.0;
				TEST_TARGET_NAME = Milieu;
				USES_XCTRUNNER = YES;
			};
			name = Release;
		};
/* End XCBuildConfiguration section */

/* Begin XCConfigurationList section */
		839C88681C14C1D200D80D0A /* Build configuration list for PBXProject "Milieu" */ = {
			isa = XCConfigurationList;
			buildConfigurations = (
				839C88951C14C1D200D80D0A /* Debug */,
				839C88961C14C1D200D80D0A /* Release */,
				8303196C1CB1E87100AF8BA0 /* Beta */,
				830319681CB1E86700AF8BA0 /* Alpha */,
			);
			defaultConfigurationIsVisible = 0;
			defaultConfigurationName = Release;
		};
		839C88971C14C1D200D80D0A /* Build configuration list for PBXNativeTarget "Milieu" */ = {
			isa = XCConfigurationList;
			buildConfigurations = (
				839C88981C14C1D200D80D0A /* Debug */,
				839C88991C14C1D200D80D0A /* Release */,
				8303196D1CB1E87100AF8BA0 /* Beta */,
				830319691CB1E86700AF8BA0 /* Alpha */,
			);
			defaultConfigurationIsVisible = 0;
			defaultConfigurationName = Release;
		};
		839C889A1C14C1D200D80D0A /* Build configuration list for PBXNativeTarget "MilieuTests" */ = {
			isa = XCConfigurationList;
			buildConfigurations = (
				839C889B1C14C1D200D80D0A /* Debug */,
				839C889C1C14C1D200D80D0A /* Release */,
				8303196E1CB1E87100AF8BA0 /* Beta */,
				8303196A1CB1E86700AF8BA0 /* Alpha */,
			);
			defaultConfigurationIsVisible = 0;
			defaultConfigurationName = Release;
		};
		839C889D1C14C1D200D80D0A /* Build configuration list for PBXNativeTarget "MilieuUITests" */ = {
			isa = XCConfigurationList;
			buildConfigurations = (
				839C889E1C14C1D200D80D0A /* Debug */,
				839C889F1C14C1D200D80D0A /* Release */,
				8303196F1CB1E87100AF8BA0 /* Beta */,
				8303196B1CB1E86700AF8BA0 /* Alpha */,
			);
			defaultConfigurationIsVisible = 0;
			defaultConfigurationName = Release;
		};
/* End XCConfigurationList section */

/* Begin XCVersionGroup section */
		83FB29941C4322720093EBC8 /* Milieu.xcdatamodeld */ = {
			isa = XCVersionGroup;
			children = (
				83FB29951C4322720093EBC8 /* Milieu.xcdatamodel */,
			);
			currentVersion = 83FB29951C4322720093EBC8 /* Milieu.xcdatamodel */;
			name = Milieu.xcdatamodeld;
			path = Models/Milieu.xcdatamodeld;
			sourceTree = "<group>";
			versionGroupType = wrapper.xcdatamodel;
		};
/* End XCVersionGroup section */
	};
	rootObject = 839C88651C14C1D200D80D0A /* Project object */;
}
